
Microsoft Visual Studio Solution File, Format Version 12.00
# Visual Studio Version 16
VisualStudioVersion = 16.0.29926.136
MinimumVisualStudioVersion = 10.0.40219.1
Project("{FAE04EC0-301F-11D3-BF4B-00C04F79EFBC}") = "LSBgenerator", "LSBgenerator\LSBgenerator.csproj", "{3D83C2A8-7682-4271-B787-0E0B2482E8E0}"
EndProject
Project("{9A19103F-16F7-4668-BE54-9A1E7A4F7556}") = "WPFSlideBuilder", "WPFSlideBuilder\WPFSlideBuilder.csproj", "{C29D696F-126B-4365-8094-0B6F4356ED72}"
EndProject
Project("{FAE04EC0-301F-11D3-BF4B-00C04F79EFBC}") = "WpfControlLibrary1", "WpfControlLibrary1\WpfControlLibrary1.csproj", "{278186FE-1A8D-4B97-9C4E-6ECCE61E3292}"
EndProject
Project("{FAE04EC0-301F-11D3-BF4B-00C04F79EFBC}") = "Presenter", "Presenter\Presenter.csproj", "{5F656253-DCF8-491E-AED8-736BC2545F81}"
EndProject
Global
	GlobalSection(SolutionConfigurationPlatforms) = preSolution
		Debug|Any CPU = Debug|Any CPU
		Release|Any CPU = Release|Any CPU
	EndGlobalSection
	GlobalSection(ProjectConfigurationPlatforms) = postSolution
		{3D83C2A8-7682-4271-B787-0E0B2482E8E0}.Debug|Any CPU.ActiveCfg = Debug|Any CPU
		{3D83C2A8-7682-4271-B787-0E0B2482E8E0}.Debug|Any CPU.Build.0 = Debug|Any CPU
		{3D83C2A8-7682-4271-B787-0E0B2482E8E0}.Release|Any CPU.ActiveCfg = Release|Any CPU
		{3D83C2A8-7682-4271-B787-0E0B2482E8E0}.Release|Any CPU.Build.0 = Release|Any CPU
		{C29D696F-126B-4365-8094-0B6F4356ED72}.Debug|Any CPU.ActiveCfg = Debug|Any CPU
		{C29D696F-126B-4365-8094-0B6F4356ED72}.Debug|Any CPU.Build.0 = Debug|Any CPU
		{C29D696F-126B-4365-8094-0B6F4356ED72}.Release|Any CPU.ActiveCfg = Release|Any CPU
		{C29D696F-126B-4365-8094-0B6F4356ED72}.Release|Any CPU.Build.0 = Release|Any CPU
		{278186FE-1A8D-4B97-9C4E-6ECCE61E3292}.Debug|Any CPU.ActiveCfg = Debug|Any CPU
		{278186FE-1A8D-4B97-9C4E-6ECCE61E3292}.Debug|Any CPU.Build.0 = Debug|Any CPU
		{278186FE-1A8D-4B97-9C4E-6ECCE61E3292}.Release|Any CPU.ActiveCfg = Release|Any CPU
		{278186FE-1A8D-4B97-9C4E-6ECCE61E3292}.Release|Any CPU.Build.0 = Release|Any CPU
		{5F656253-DCF8-491E-AED8-736BC2545F81}.Debug|Any CPU.ActiveCfg = Debug|Any CPU
		{5F656253-DCF8-491E-AED8-736BC2545F81}.Debug|Any CPU.Build.0 = Debug|Any CPU
		{5F656253-DCF8-491E-AED8-736BC2545F81}.Release|Any CPU.ActiveCfg = Release|Any CPU
		{5F656253-DCF8-491E-AED8-736BC2545F81}.Release|Any CPU.Build.0 = Release|Any CPU
	EndGlobalSection
	GlobalSection(SolutionProperties) = preSolution
		HideSolutionNode = FALSE
	EndGlobalSection
	GlobalSection(ExtensibilityGlobals) = postSolution
		SolutionGuid = {82372424-E516-4DDD-A4AB-3505B20D155B}
	EndGlobalSection
EndGlobal
