
Microsoft Visual Studio Solution File, Format Version 12.00
# Visual Studio Version 17
VisualStudioVersion = 17.0.31903.59
MinimumVisualStudioVersion = 10.0.40219.1
Project("{9A19103F-16F7-4668-BE54-9A1E7A4F7556}") = "IntegratedPresenter", "IntegratedPresenter\IntegratedPresenter.csproj", "{26233450-08E7-49D9-8A16-47FA6B367DB5}"
EndProject
Project("{9A19103F-16F7-4668-BE54-9A1E7A4F7556}") = "SlideCreater", "SlideCreater\SlideCreater.csproj", "{F3F50481-509F-45AE-AF3B-379D93F4F187}"
EndProject
Project("{9A19103F-16F7-4668-BE54-9A1E7A4F7556}") = "Xenon", "Xenon\Xenon.csproj", "{F6A028CA-ED5B-4EEB-9CE6-30ABD9850730}"
EndProject
Project("{2150E333-8FDC-42A3-9474-1A3956D46DE8}") = "Build", "Build", "{849F6492-9995-4E47-A7BA-E49C0129C5A8}"
	ProjectSection(SolutionItems) = preProject
		Build.bat = Build.bat
		build.py = build.py
	EndProjectSection
EndProject
Project("{9A19103F-16F7-4668-BE54-9A1E7A4F7556}") = "LutheRun", "LutheRun\LutheRun.csproj", "{70A08E74-3F6E-432E-AB55-B657658120AE}"
EndProject
Project("{9A19103F-16F7-4668-BE54-9A1E7A4F7556}") = "UIControls", "UIControls\UIControls.csproj", "{8F689666-41A7-491B-8AC8-642A661924CC}"
EndProject
Project("{9A19103F-16F7-4668-BE54-9A1E7A4F7556}") = "SwitcherControl", "SwitcherControl\SwitcherControl.csproj", "{651BCC46-4FC7-4512-886C-DF26EBD814CB}"
EndProject
Project("{9A19103F-16F7-4668-BE54-9A1E7A4F7556}") = "Configurations", "Configurations\Configurations.csproj", "{FAC5902F-9781-403F-8F98-3538AF059AFB}"
EndProject
Project("{9A19103F-16F7-4668-BE54-9A1E7A4F7556}") = "UITextboxTestbed", "UITextboxTestbed\UITextboxTestbed.csproj", "{E498EE79-C819-46B4-ACF9-230F76584D1B}"
EndProject
Project("{9A19103F-16F7-4668-BE54-9A1E7A4F7556}") = "CommonVersionInfo", "CommonVersionInfo\CommonVersionInfo.csproj", "{7E58838B-F13C-402F-B3CB-105EB6E05FAB}"
EndProject
Project("{FAE04EC0-301F-11D3-BF4B-00C04F79EFBC}") = "IntegratedPresenterAPIInterop", "IntegratedPresenterAPIInterop\IntegratedPresenterAPIInterop.csproj", "{D602E5D8-9BEA-492F-BF4F-F19F250DB330}"
EndProject
Global
	GlobalSection(SolutionConfigurationPlatforms) = preSolution
		Debug|Any CPU = Debug|Any CPU
		Release|Any CPU = Release|Any CPU
	EndGlobalSection
	GlobalSection(ProjectConfigurationPlatforms) = postSolution
		{26233450-08E7-49D9-8A16-47FA6B367DB5}.Debug|Any CPU.ActiveCfg = Debug|Any CPU
		{26233450-08E7-49D9-8A16-47FA6B367DB5}.Debug|Any CPU.Build.0 = Debug|Any CPU
		{26233450-08E7-49D9-8A16-47FA6B367DB5}.Release|Any CPU.ActiveCfg = Release|Any CPU
		{26233450-08E7-49D9-8A16-47FA6B367DB5}.Release|Any CPU.Build.0 = Release|Any CPU
		{F3F50481-509F-45AE-AF3B-379D93F4F187}.Debug|Any CPU.ActiveCfg = Debug|Any CPU
		{F3F50481-509F-45AE-AF3B-379D93F4F187}.Debug|Any CPU.Build.0 = Debug|Any CPU
		{F3F50481-509F-45AE-AF3B-379D93F4F187}.Release|Any CPU.ActiveCfg = Release|Any CPU
		{F3F50481-509F-45AE-AF3B-379D93F4F187}.Release|Any CPU.Build.0 = Release|Any CPU
		{F6A028CA-ED5B-4EEB-9CE6-30ABD9850730}.Debug|Any CPU.ActiveCfg = Debug|Any CPU
		{F6A028CA-ED5B-4EEB-9CE6-30ABD9850730}.Debug|Any CPU.Build.0 = Debug|Any CPU
		{F6A028CA-ED5B-4EEB-9CE6-30ABD9850730}.Release|Any CPU.ActiveCfg = Release|Any CPU
		{F6A028CA-ED5B-4EEB-9CE6-30ABD9850730}.Release|Any CPU.Build.0 = Release|Any CPU
		{70A08E74-3F6E-432E-AB55-B657658120AE}.Debug|Any CPU.ActiveCfg = Debug|Any CPU
		{70A08E74-3F6E-432E-AB55-B657658120AE}.Debug|Any CPU.Build.0 = Debug|Any CPU
		{70A08E74-3F6E-432E-AB55-B657658120AE}.Release|Any CPU.ActiveCfg = Release|Any CPU
		{70A08E74-3F6E-432E-AB55-B657658120AE}.Release|Any CPU.Build.0 = Release|Any CPU
		{8F689666-41A7-491B-8AC8-642A661924CC}.Debug|Any CPU.ActiveCfg = Debug|Any CPU
		{8F689666-41A7-491B-8AC8-642A661924CC}.Debug|Any CPU.Build.0 = Debug|Any CPU
		{8F689666-41A7-491B-8AC8-642A661924CC}.Release|Any CPU.ActiveCfg = Release|Any CPU
		{8F689666-41A7-491B-8AC8-642A661924CC}.Release|Any CPU.Build.0 = Release|Any CPU
		{651BCC46-4FC7-4512-886C-DF26EBD814CB}.Debug|Any CPU.ActiveCfg = Debug|Any CPU
		{651BCC46-4FC7-4512-886C-DF26EBD814CB}.Debug|Any CPU.Build.0 = Debug|Any CPU
		{651BCC46-4FC7-4512-886C-DF26EBD814CB}.Release|Any CPU.ActiveCfg = Release|Any CPU
		{651BCC46-4FC7-4512-886C-DF26EBD814CB}.Release|Any CPU.Build.0 = Release|Any CPU
		{FAC5902F-9781-403F-8F98-3538AF059AFB}.Debug|Any CPU.ActiveCfg = Debug|Any CPU
		{FAC5902F-9781-403F-8F98-3538AF059AFB}.Debug|Any CPU.Build.0 = Debug|Any CPU
		{FAC5902F-9781-403F-8F98-3538AF059AFB}.Release|Any CPU.ActiveCfg = Release|Any CPU
		{FAC5902F-9781-403F-8F98-3538AF059AFB}.Release|Any CPU.Build.0 = Release|Any CPU
		{E498EE79-C819-46B4-ACF9-230F76584D1B}.Debug|Any CPU.ActiveCfg = Debug|Any CPU
		{E498EE79-C819-46B4-ACF9-230F76584D1B}.Debug|Any CPU.Build.0 = Debug|Any CPU
		{E498EE79-C819-46B4-ACF9-230F76584D1B}.Release|Any CPU.ActiveCfg = Release|Any CPU
		{E498EE79-C819-46B4-ACF9-230F76584D1B}.Release|Any CPU.Build.0 = Release|Any CPU
		{7E58838B-F13C-402F-B3CB-105EB6E05FAB}.Debug|Any CPU.ActiveCfg = Debug|Any CPU
		{7E58838B-F13C-402F-B3CB-105EB6E05FAB}.Debug|Any CPU.Build.0 = Debug|Any CPU
		{7E58838B-F13C-402F-B3CB-105EB6E05FAB}.Release|Any CPU.ActiveCfg = Release|Any CPU
		{7E58838B-F13C-402F-B3CB-105EB6E05FAB}.Release|Any CPU.Build.0 = Release|Any CPU
		{D602E5D8-9BEA-492F-BF4F-F19F250DB330}.Debug|Any CPU.ActiveCfg = Debug|Any CPU
		{D602E5D8-9BEA-492F-BF4F-F19F250DB330}.Debug|Any CPU.Build.0 = Debug|Any CPU
		{D602E5D8-9BEA-492F-BF4F-F19F250DB330}.Release|Any CPU.ActiveCfg = Release|Any CPU
		{D602E5D8-9BEA-492F-BF4F-F19F250DB330}.Release|Any CPU.Build.0 = Release|Any CPU
	EndGlobalSection
	GlobalSection(SolutionProperties) = preSolution
		HideSolutionNode = FALSE
	EndGlobalSection
	GlobalSection(ExtensibilityGlobals) = postSolution
		SolutionGuid = {82372424-E516-4DDD-A4AB-3505B20D155B}
	EndGlobalSection
EndGlobal
